
Microsoft Visual Studio Solution File, Format Version 12.00
# Visual Studio Version 17
VisualStudioVersion = 17.4.33122.133
MinimumVisualStudioVersion = 10.0.40219.1
Project("{FAE04EC0-301F-11D3-BF4B-00C04F79EFBC}") = "Orleans.GrainClasses", "Orleans.GrainClasses\Orleans.GrainClasses.csproj", "{653CA4BE-4407-4894-B130-10BB79882D09}"
EndProject
Project("{FAE04EC0-301F-11D3-BF4B-00C04F79EFBC}") = "Orleans.Host", "Orleans.Host\Orleans.Host.csproj", "{B14E47FF-BD00-4C49-B805-AD688DACB12D}"
EndProject
Project("{FAE04EC0-301F-11D3-BF4B-00C04F79EFBC}") = "Orleans.Client", "Orleans.Client\Orleans.Client.csproj", "{24572B98-EECF-47D7-A455-539953B098CA}"
EndProject
Project("{FAE04EC0-301F-11D3-BF4B-00C04F79EFBC}") = "Orleans.GrainInterfaces", "Orleans.GrainInterfaces\Orleans.GrainInterfaces.csproj", "{DBDCBAF5-E2A7-4F41-8EF9-46A814525425}"
EndProject
Project("{FAE04EC0-301F-11D3-BF4B-00C04F79EFBC}") = "Orleans.WebApi", "Orleans.WebApi\Orleans.WebApi.csproj", "{258DFD85-72DD-4B8A-A5E3-647E6B4E4C20}"
EndProject
Global
	GlobalSection(SolutionConfigurationPlatforms) = preSolution
		Debug|Any CPU = Debug|Any CPU
		Release|Any CPU = Release|Any CPU
	EndGlobalSection
	GlobalSection(ProjectConfigurationPlatforms) = postSolution
		{653CA4BE-4407-4894-B130-10BB79882D09}.Debug|Any CPU.ActiveCfg = Debug|Any CPU
		{653CA4BE-4407-4894-B130-10BB79882D09}.Debug|Any CPU.Build.0 = Debug|Any CPU
		{653CA4BE-4407-4894-B130-10BB79882D09}.Release|Any CPU.ActiveCfg = Release|Any CPU
		{653CA4BE-4407-4894-B130-10BB79882D09}.Release|Any CPU.Build.0 = Release|Any CPU
		{B14E47FF-BD00-4C49-B805-AD688DACB12D}.Debug|Any CPU.ActiveCfg = Debug|Any CPU
		{B14E47FF-BD00-4C49-B805-AD688DACB12D}.Debug|Any CPU.Build.0 = Debug|Any CPU
		{B14E47FF-BD00-4C49-B805-AD688DACB12D}.Release|Any CPU.ActiveCfg = Release|Any CPU
		{B14E47FF-BD00-4C49-B805-AD688DACB12D}.Release|Any CPU.Build.0 = Release|Any CPU
		{24572B98-EECF-47D7-A455-539953B098CA}.Debug|Any CPU.ActiveCfg = Debug|Any CPU
		{24572B98-EECF-47D7-A455-539953B098CA}.Debug|Any CPU.Build.0 = Debug|Any CPU
		{24572B98-EECF-47D7-A455-539953B098CA}.Release|Any CPU.ActiveCfg = Release|Any CPU
		{24572B98-EECF-47D7-A455-539953B098CA}.Release|Any CPU.Build.0 = Release|Any CPU
		{DBDCBAF5-E2A7-4F41-8EF9-46A814525425}.Debug|Any CPU.ActiveCfg = Debug|Any CPU
		{DBDCBAF5-E2A7-4F41-8EF9-46A814525425}.Debug|Any CPU.Build.0 = Debug|Any CPU
		{DBDCBAF5-E2A7-4F41-8EF9-46A814525425}.Release|Any CPU.ActiveCfg = Release|Any CPU
		{DBDCBAF5-E2A7-4F41-8EF9-46A814525425}.Release|Any CPU.Build.0 = Release|Any CPU
		{258DFD85-72DD-4B8A-A5E3-647E6B4E4C20}.Debug|Any CPU.ActiveCfg = Debug|Any CPU
		{258DFD85-72DD-4B8A-A5E3-647E6B4E4C20}.Debug|Any CPU.Build.0 = Debug|Any CPU
		{258DFD85-72DD-4B8A-A5E3-647E6B4E4C20}.Release|Any CPU.ActiveCfg = Release|Any CPU
		{258DFD85-72DD-4B8A-A5E3-647E6B4E4C20}.Release|Any CPU.Build.0 = Release|Any CPU
	EndGlobalSection
	GlobalSection(SolutionProperties) = preSolution
		HideSolutionNode = FALSE
	EndGlobalSection
	GlobalSection(ExtensibilityGlobals) = postSolution
		SolutionGuid = {B7B25773-A991-4021-9359-B08B243A278D}
	EndGlobalSection
EndGlobal
